// !$*UTF8*$!
{
	archiveVersion = 1;
	classes = {
	};
	objectVersion = 50;
	objects = {

/* Begin PBXBuildFile section */
		7E077D9A265B663D001982DB /* AppDelegate.swift in Sources */ = {isa = PBXBuildFile; fileRef = 7E077D99265B663D001982DB /* AppDelegate.swift */; };
		7E077D9C265B663D001982DB /* SceneDelegate.swift in Sources */ = {isa = PBXBuildFile; fileRef = 7E077D9B265B663D001982DB /* SceneDelegate.swift */; };
		7E077D9E265B663D001982DB /* ViewController.swift in Sources */ = {isa = PBXBuildFile; fileRef = 7E077D9D265B663D001982DB /* ViewController.swift */; };
		7E077DA1265B663D001982DB /* Main.storyboard in Resources */ = {isa = PBXBuildFile; fileRef = 7E077D9F265B663D001982DB /* Main.storyboard */; };
		7E077DA4265B663D001982DB /* A2_FA_iOS_Saurav_C0794691.xcdatamodeld in Sources */ = {isa = PBXBuildFile; fileRef = 7E077DA2265B663D001982DB /* A2_FA_iOS_Saurav_C0794691.xcdatamodeld */; };
		7E077DA6265B663E001982DB /* Assets.xcassets in Resources */ = {isa = PBXBuildFile; fileRef = 7E077DA5265B663E001982DB /* Assets.xcassets */; };
		7E077DA9265B663E001982DB /* LaunchScreen.storyboard in Resources */ = {isa = PBXBuildFile; fileRef = 7E077DA7265B663E001982DB /* LaunchScreen.storyboard */; };
		7E077DB3265B6810001982DB /* ProductTVC.swift in Sources */ = {isa = PBXBuildFile; fileRef = 7E077DB2265B6810001982DB /* ProductTVC.swift */; };
		7E077DB6265B69E5001982DB /* ProductVC.swift in Sources */ = {isa = PBXBuildFile; fileRef = 7E077DB5265B69E5001982DB /* ProductVC.swift */; };
/* End PBXBuildFile section */

/* Begin PBXFileReference section */
		7E077D96265B663D001982DB /* A2_FA_iOS_Saurav_C0794691.app */ = {isa = PBXFileReference; explicitFileType = wrapper.application; includeInIndex = 0; path = A2_FA_iOS_Saurav_C0794691.app; sourceTree = BUILT_PRODUCTS_DIR; };
		7E077D99265B663D001982DB /* AppDelegate.swift */ = {isa = PBXFileReference; lastKnownFileType = sourcecode.swift; path = AppDelegate.swift; sourceTree = "<group>"; };
		7E077D9B265B663D001982DB /* SceneDelegate.swift */ = {isa = PBXFileReference; lastKnownFileType = sourcecode.swift; path = SceneDelegate.swift; sourceTree = "<group>"; };
		7E077D9D265B663D001982DB /* ViewController.swift */ = {isa = PBXFileReference; lastKnownFileType = sourcecode.swift; path = ViewController.swift; sourceTree = "<group>"; };
		7E077DA0265B663D001982DB /* Base */ = {isa = PBXFileReference; lastKnownFileType = file.storyboard; name = Base; path = Base.lproj/Main.storyboard; sourceTree = "<group>"; };
		7E077DA3265B663D001982DB /* A2_FA_iOS_Saurav_C0794691.xcdatamodel */ = {isa = PBXFileReference; lastKnownFileType = wrapper.xcdatamodel; path = A2_FA_iOS_Saurav_C0794691.xcdatamodel; sourceTree = "<group>"; };
		7E077DA5265B663E001982DB /* Assets.xcassets */ = {isa = PBXFileReference; lastKnownFileType = folder.assetcatalog; path = Assets.xcassets; sourceTree = "<group>"; };
		7E077DA8265B663E001982DB /* Base */ = {isa = PBXFileReference; lastKnownFileType = file.storyboard; name = Base; path = Base.lproj/LaunchScreen.storyboard; sourceTree = "<group>"; };
		7E077DAA265B663E001982DB /* Info.plist */ = {isa = PBXFileReference; lastKnownFileType = text.plist.xml; path = Info.plist; sourceTree = "<group>"; };
		7E077DB2265B6810001982DB /* ProductTVC.swift */ = {isa = PBXFileReference; lastKnownFileType = sourcecode.swift; path = ProductTVC.swift; sourceTree = "<group>"; };
		7E077DB5265B69E5001982DB /* ProductVC.swift */ = {isa = PBXFileReference; lastKnownFileType = sourcecode.swift; path = ProductVC.swift; sourceTree = "<group>"; };
/* End PBXFileReference section */

/* Begin PBXFrameworksBuildPhase section */
		7E077D93265B663D001982DB /* Frameworks */ = {
			isa = PBXFrameworksBuildPhase;
			buildActionMask = 2147483647;
			files = (
			);
			runOnlyForDeploymentPostprocessing = 0;
		};
/* End PBXFrameworksBuildPhase section */

/* Begin PBXGroup section */
		7E077D8D265B663D001982DB = {
			isa = PBXGroup;
			children = (
				7E077D98265B663D001982DB /* A2_FA_iOS_Saurav_C0794691 */,
				7E077D97265B663D001982DB /* Products */,
			);
			sourceTree = "<group>";
		};
		7E077D97265B663D001982DB /* Products */ = {
			isa = PBXGroup;
			children = (
				7E077D96265B663D001982DB /* A2_FA_iOS_Saurav_C0794691.app */,
			);
			name = Products;
			sourceTree = "<group>";
		};
		7E077D98265B663D001982DB /* A2_FA_iOS_Saurav_C0794691 */ = {
			isa = PBXGroup;
			children = (
				7E077DB1265B665E001982DB /* Controller */,
				7E077DB0265B6655001982DB /* Model */,
				7E077D99265B663D001982DB /* AppDelegate.swift */,
				7E077D9B265B663D001982DB /* SceneDelegate.swift */,
				7E077D9D265B663D001982DB /* ViewController.swift */,
				7E077D9F265B663D001982DB /* Main.storyboard */,
				7E077DA5265B663E001982DB /* Assets.xcassets */,
				7E077DA7265B663E001982DB /* LaunchScreen.storyboard */,
				7E077DAA265B663E001982DB /* Info.plist */,
			);
			path = A2_FA_iOS_Saurav_C0794691;
			sourceTree = "<group>";
		};
		7E077DB0265B6655001982DB /* Model */ = {
			isa = PBXGroup;
			children = (
				7E077DA2265B663D001982DB /* A2_FA_iOS_Saurav_C0794691.xcdatamodeld */,
			);
			path = Model;
			sourceTree = "<group>";
		};
		7E077DB1265B665E001982DB /* Controller */ = {
			isa = PBXGroup;
			children = (
				7E077DB2265B6810001982DB /* ProductTVC.swift */,
				7E077DB5265B69E5001982DB /* ProductVC.swift */,
			);
			path = Controller;
			sourceTree = "<group>";
		};
/* End PBXGroup section */

/* Begin PBXNativeTarget section */
		7E077D95265B663D001982DB /* A2_FA_iOS_Saurav_C0794691 */ = {
			isa = PBXNativeTarget;
			buildConfigurationList = 7E077DAD265B663E001982DB /* Build configuration list for PBXNativeTarget "A2_FA_iOS_Saurav_C0794691" */;
			buildPhases = (
				7E077D92265B663D001982DB /* Sources */,
				7E077D93265B663D001982DB /* Frameworks */,
				7E077D94265B663D001982DB /* Resources */,
			);
			buildRules = (
			);
			dependencies = (
			);
			name = A2_FA_iOS_Saurav_C0794691;
			productName = A2_FA_iOS_Saurav_C0794691;
			productReference = 7E077D96265B663D001982DB /* A2_FA_iOS_Saurav_C0794691.app */;
			productType = "com.apple.product-type.application";
		};
/* End PBXNativeTarget section */

/* Begin PBXProject section */
		7E077D8E265B663D001982DB /* Project object */ = {
			isa = PBXProject;
			attributes = {
				LastSwiftUpdateCheck = 1120;
				LastUpgradeCheck = 1120;
				ORGANIZATIONNAME = "Saurav Bajracharya";
				TargetAttributes = {
					7E077D95265B663D001982DB = {
						CreatedOnToolsVersion = 11.2.1;
					};
				};
			};
			buildConfigurationList = 7E077D91265B663D001982DB /* Build configuration list for PBXProject "A2_FA_iOS_Saurav_C0794691" */;
			compatibilityVersion = "Xcode 9.3";
			developmentRegion = en;
			hasScannedForEncodings = 0;
			knownRegions = (
				en,
				Base,
			);
			mainGroup = 7E077D8D265B663D001982DB;
			productRefGroup = 7E077D97265B663D001982DB /* Products */;
			projectDirPath = "";
			projectRoot = "";
			targets = (
				7E077D95265B663D001982DB /* A2_FA_iOS_Saurav_C0794691 */,
			);
		};
/* End PBXProject section */

/* Begin PBXResourcesBuildPhase section */
		7E077D94265B663D001982DB /* Resources */ = {
			isa = PBXResourcesBuildPhase;
			buildActionMask = 2147483647;
			files = (
				7E077DA9265B663E001982DB /* LaunchScreen.storyboard in Resources */,
				7E077DA6265B663E001982DB /* Assets.xcassets in Resources */,
				7E077DA1265B663D001982DB /* Main.storyboard in Resources */,
			);
			runOnlyForDeploymentPostprocessing = 0;
		};
/* End PBXResourcesBuildPhase section */

/* Begin PBXSourcesBuildPhase section */
		7E077D92265B663D001982DB /* Sources */ = {
			isa = PBXSourcesBuildPhase;
			buildActionMask = 2147483647;
			files = (
				7E077DB6265B69E5001982DB /* ProductVC.swift in Sources */,
				7E077DA4265B663D001982DB /* A2_FA_iOS_Saurav_C0794691.xcdatamodeld in Sources */,
				7E077D9E265B663D001982DB /* ViewController.swift in Sources */,
				7E077DB3265B6810001982DB /* ProductTVC.swift in Sources */,
				7E077D9A265B663D001982DB /* AppDelegate.swift in Sources */,
				7E077D9C265B663D001982DB /* SceneDelegate.swift in Sources */,
			);
			runOnlyForDeploymentPostprocessing = 0;
		};
/* End PBXSourcesBuildPhase section */

/* Begin PBXVariantGroup section */
		7E077D9F265B663D001982DB /* Main.storyboard */ = {
			isa = PBXVariantGroup;
			children = (
				7E077DA0265B663D001982DB /* Base */,
			);
			name = Main.storyboard;
			sourceTree = "<group>";
		};
		7E077DA7265B663E001982DB /* LaunchScreen.storyboard */ = {
			isa = PBXVariantGroup;
			children = (
				7E077DA8265B663E001982DB /* Base */,
			);
			name = LaunchScreen.storyboard;
			sourceTree = "<group>";
		};
/* End PBXVariantGroup section */

/* Begin XCBuildConfiguration section */
		7E077DAB265B663E001982DB /* Debug */ = {
			isa = XCBuildConfiguration;
			buildSettings = {
				ALWAYS_SEARCH_USER_PATHS = NO;
				CLANG_ANALYZER_NONNULL = YES;
				CLANG_ANALYZER_NUMBER_OBJECT_CONVERSION = YES_AGGRESSIVE;
				CLANG_CXX_LANGUAGE_STANDARD = "gnu++14";
				CLANG_CXX_LIBRARY = "libc++";
				CLANG_ENABLE_MODULES = YES;
				CLANG_ENABLE_OBJC_ARC = YES;
				CLANG_ENABLE_OBJC_WEAK = YES;
				CLANG_WARN_BLOCK_CAPTURE_AUTORELEASING = YES;
				CLANG_WARN_BOOL_CONVERSION = YES;
				CLANG_WARN_COMMA = YES;
				CLANG_WARN_CONSTANT_CONVERSION = YES;
				CLANG_WARN_DEPRECATED_OBJC_IMPLEMENTATIONS = YES;
				CLANG_WARN_DIRECT_OBJC_ISA_USAGE = YES_ERROR;
				CLANG_WARN_DOCUMENTATION_COMMENTS = YES;
				CLANG_WARN_EMPTY_BODY = YES;
				CLANG_WARN_ENUM_CONVERSION = YES;
				CLANG_WARN_INFINITE_RECURSION = YES;
				CLANG_WARN_INT_CONVERSION = YES;
				CLANG_WARN_NON_LITERAL_NULL_CONVERSION = YES;
				CLANG_WARN_OBJC_IMPLICIT_RETAIN_SELF = YES;
				CLANG_WARN_OBJC_LITERAL_CONVERSION = YES;
				CLANG_WARN_OBJC_ROOT_CLASS = YES_ERROR;
				CLANG_WARN_RANGE_LOOP_ANALYSIS = YES;
				CLANG_WARN_STRICT_PROTOTYPES = YES;
				CLANG_WARN_SUSPICIOUS_MOVE = YES;
				CLANG_WARN_UNGUARDED_AVAILABILITY = YES_AGGRESSIVE;
				CLANG_WARN_UNREACHABLE_CODE = YES;
				CLANG_WARN__DUPLICATE_METHOD_MATCH = YES;
				COPY_PHASE_STRIP = NO;
				DEBUG_INFORMATION_FORMAT = dwarf;
				ENABLE_STRICT_OBJC_MSGSEND = YES;
				ENABLE_TESTABILITY = YES;
				GCC_C_LANGUAGE_STANDARD = gnu11;
				GCC_DYNAMIC_NO_PIC = NO;
				GCC_NO_COMMON_BLOCKS = YES;
				GCC_OPTIMIZATION_LEVEL = 0;
				GCC_PREPROCESSOR_DEFINITIONS = (
					"DEBUG=1",
					"$(inherited)",
				);
				GCC_WARN_64_TO_32_BIT_CONVERSION = YES;
				GCC_WARN_ABOUT_RETURN_TYPE = YES_ERROR;
				GCC_WARN_UNDECLARED_SELECTOR = YES;
				GCC_WARN_UNINITIALIZED_AUTOS = YES_AGGRESSIVE;
				GCC_WARN_UNUSED_FUNCTION = YES;
				GCC_WARN_UNUSED_VARIABLE = YES;
				IPHONEOS_DEPLOYMENT_TARGET = 13.2;
				MTL_ENABLE_DEBUG_INFO = INCLUDE_SOURCE;
				MTL_FAST_MATH = YES;
				ONLY_ACTIVE_ARCH = YES;
				SDKROOT = iphoneos;
				SWIFT_ACTIVE_COMPILATION_CONDITIONS = DEBUG;
				SWIFT_OPTIMIZATION_LEVEL = "-Onone";
			};
			name = Debug;
		};
		7E077DAC265B663E001982DB /* Release */ = {
			isa = XCBuildConfiguration;
			buildSettings = {
				ALWAYS_SEARCH_USER_PATHS = NO;
				CLANG_ANALYZER_NONNULL = YES;
				CLANG_ANALYZER_NUMBER_OBJECT_CONVERSION = YES_AGGRESSIVE;
				CLANG_CXX_LANGUAGE_STANDARD = "gnu++14";
				CLANG_CXX_LIBRARY = "libc++";
				CLANG_ENABLE_MODULES = YES;
				CLANG_ENABLE_OBJC_ARC = YES;
				CLANG_ENABLE_OBJC_WEAK = YES;
				CLANG_WARN_BLOCK_CAPTURE_AUTORELEASING = YES;
				CLANG_WARN_BOOL_CONVERSION = YES;
				CLANG_WARN_COMMA = YES;
				CLANG_WARN_CONSTANT_CONVERSION = YES;
				CLANG_WARN_DEPRECATED_OBJC_IMPLEMENTATIONS = YES;
				CLANG_WARN_DIRECT_OBJC_ISA_USAGE = YES_ERROR;
				CLANG_WARN_DOCUMENTATION_COMMENTS = YES;
				CLANG_WARN_EMPTY_BODY = YES;
				CLANG_WARN_ENUM_CONVERSION = YES;
				CLANG_WARN_INFINITE_RECURSION = YES;
				CLANG_WARN_INT_CONVERSION = YES;
				CLANG_WARN_NON_LITERAL_NULL_CONVERSION = YES;
				CLANG_WARN_OBJC_IMPLICIT_RETAIN_SELF = YES;
				CLANG_WARN_OBJC_LITERAL_CONVERSION = YES;
				CLANG_WARN_OBJC_ROOT_CLASS = YES_ERROR;
				CLANG_WARN_RANGE_LOOP_ANALYSIS = YES;
				CLANG_WARN_STRICT_PROTOTYPES = YES;
				CLANG_WARN_SUSPICIOUS_MOVE = YES;
				CLANG_WARN_UNGUARDED_AVAILABILITY = YES_AGGRESSIVE;
				CLANG_WARN_UNREACHABLE_CODE = YES;
				CLANG_WARN__DUPLICATE_METHOD_MATCH = YES;
				COPY_PHASE_STRIP = NO;
				DEBUG_INFORMATION_FORMAT = "dwarf-with-dsym";
				ENABLE_NS_ASSERTIONS = NO;
				ENABLE_STRICT_OBJC_MSGSEND = YES;
				GCC_C_LANGUAGE_STANDARD = gnu11;
				GCC_NO_COMMON_BLOCKS = YES;
				GCC_WARN_64_TO_32_BIT_CONVERSION = YES;
				GCC_WARN_ABOUT_RETURN_TYPE = YES_ERROR;
				GCC_WARN_UNDECLARED_SELECTOR = YES;
				GCC_WARN_UNINITIALIZED_AUTOS = YES_AGGRESSIVE;
				GCC_WARN_UNUSED_FUNCTION = YES;
				GCC_WARN_UNUSED_VARIABLE = YES;
				IPHONEOS_DEPLOYMENT_TARGET = 13.2;
				MTL_ENABLE_DEBUG_INFO = NO;
				MTL_FAST_MATH = YES;
				SDKROOT = iphoneos;
				SWIFT_COMPILATION_MODE = wholemodule;
				SWIFT_OPTIMIZATION_LEVEL = "-O";
				VALIDATE_PRODUCT = YES;
			};
			name = Release;
		};
		7E077DAE265B663E001982DB /* Debug */ = {
			isa = XCBuildConfiguration;
			buildSettings = {
				ASSETCATALOG_COMPILER_APPICON_NAME = AppIcon;
				CODE_SIGN_STYLE = Automatic;
				INFOPLIST_FILE = A2_FA_iOS_Saurav_C0794691/Info.plist;
				LD_RUNPATH_SEARCH_PATHS = (
					"$(inherited)",
					"@executable_path/Frameworks",
				);
				PRODUCT_BUNDLE_IDENTIFIER = "lambton.A2-FA-iOS-Saurav-C0794691";
				PRODUCT_NAME = "$(TARGET_NAME)";
				SWIFT_VERSION = 5.0;
				TARGETED_DEVICE_FAMILY = "1,2";
			};
			name = Debug;
		};
		7E077DAF265B663E001982DB /* Release */ = {
			isa = XCBuildConfiguration;
			buildSettings = {
				ASSETCATALOG_COMPILER_APPICON_NAME = AppIcon;
				CODE_SIGN_STYLE = Automatic;
				INFOPLIST_FILE = A2_FA_iOS_Saurav_C0794691/Info.plist;
				LD_RUNPATH_SEARCH_PATHS = (
					"$(inherited)",
					"@executable_path/Frameworks",
				);
				PRODUCT_BUNDLE_IDENTIFIER = "lambton.A2-FA-iOS-Saurav-C0794691";
				PRODUCT_NAME = "$(TARGET_NAME)";
				SWIFT_VERSION = 5.0;
				TARGETED_DEVICE_FAMILY = "1,2";
			};
			name = Release;
		};
/* End XCBuildConfiguration section */

/* Begin XCConfigurationList section */
		7E077D91265B663D001982DB /* Build configuration list for PBXProject "A2_FA_iOS_Saurav_C0794691" */ = {
			isa = XCConfigurationList;
			buildConfigurations = (
				7E077DAB265B663E001982DB /* Debug */,
				7E077DAC265B663E001982DB /* Release */,
			);
			defaultConfigurationIsVisible = 0;
			defaultConfigurationName = Release;
		};
		7E077DAD265B663E001982DB /* Build configuration list for PBXNativeTarget "A2_FA_iOS_Saurav_C0794691" */ = {
			isa = XCConfigurationList;
			buildConfigurations = (
				7E077DAE265B663E001982DB /* Debug */,
				7E077DAF265B663E001982DB /* Release */,
			);
			defaultConfigurationIsVisible = 0;
			defaultConfigurationName = Release;
		};
/* End XCConfigurationList section */

/* Begin XCVersionGroup section */
		7E077DA2265B663D001982DB /* A2_FA_iOS_Saurav_C0794691.xcdatamodeld */ = {
			isa = XCVersionGroup;
			children = (
				7E077DA3265B663D001982DB /* A2_FA_iOS_Saurav_C0794691.xcdatamodel */,
			);
			currentVersion = 7E077DA3265B663D001982DB /* A2_FA_iOS_Saurav_C0794691.xcdatamodel */;
			path = A2_FA_iOS_Saurav_C0794691.xcdatamodeld;
			sourceTree = "<group>";
			versionGroupType = wrapper.xcdatamodel;
		};
/* End XCVersionGroup section */
	};
	rootObject = 7E077D8E265B663D001982DB /* Project object */;
}
